
Microsoft Visual Studio Solution File, Format Version 12.00
# Visual Studio Version 16
VisualStudioVersion = 16.0.30717.126
MinimumVisualStudioVersion = 10.0.40219.1
Project("{FAE04EC0-301F-11D3-BF4B-00C04F79EFBC}") = "NojusSajauskas_JKM_baigiamasis_2020_2021", "NojusSajauskas_JKM_baigiamasis_2020_2021.csproj", "{95851287-66B0-4282-8AA9-DF791F6A84B6}"
EndProject
Global
	GlobalSection(SolutionConfigurationPlatforms) = preSolution
		Debug|Any CPU = Debug|Any CPU
		Release|Any CPU = Release|Any CPU
	EndGlobalSection
	GlobalSection(ProjectConfigurationPlatforms) = postSolution
		{95851287-66B0-4282-8AA9-DF791F6A84B6}.Debug|Any CPU.ActiveCfg = Debug|Any CPU
		{95851287-66B0-4282-8AA9-DF791F6A84B6}.Debug|Any CPU.Build.0 = Debug|Any CPU
		{95851287-66B0-4282-8AA9-DF791F6A84B6}.Release|Any CPU.ActiveCfg = Release|Any CPU
		{95851287-66B0-4282-8AA9-DF791F6A84B6}.Release|Any CPU.Build.0 = Release|Any CPU
	EndGlobalSection
	GlobalSection(SolutionProperties) = preSolution
		HideSolutionNode = FALSE
	EndGlobalSection
	GlobalSection(ExtensibilityGlobals) = postSolution
		SolutionGuid = {F5126890-B081-4F2B-9149-E5DB54A96D44}
	EndGlobalSection
EndGlobal
